// !$*UTF8*$!
{
	archiveVersion = 1;
	classes = {
	};
	objectVersion = 56;
	objects = {

/* Begin PBXBuildFile section */
		ED33663528A510BC004AD142 /* NetworkManager.swift in Sources */ = {isa = PBXBuildFile; fileRef = ED33663428A510BC004AD142 /* NetworkManager.swift */; };
		ED33663728A6AB65004AD142 /* PostData.swift in Sources */ = {isa = PBXBuildFile; fileRef = ED33663628A6AB65004AD142 /* PostData.swift */; };
		ED3DB97828A968180093A7E9 /* WebView.swift in Sources */ = {isa = PBXBuildFile; fileRef = ED3DB97728A968180093A7E9 /* WebView.swift */; };
		EDE566C828A7E96700C4890B /* DetailView.swift in Sources */ = {isa = PBXBuildFile; fileRef = EDE566C728A7E96700C4890B /* DetailView.swift */; };
		EDF0C7832896EC7A00E14655 /* H4X0R_NEWSApp.swift in Sources */ = {isa = PBXBuildFile; fileRef = EDF0C7822896EC7A00E14655 /* H4X0R_NEWSApp.swift */; };
		EDF0C7852896EC7A00E14655 /* ContentView.swift in Sources */ = {isa = PBXBuildFile; fileRef = EDF0C7842896EC7A00E14655 /* ContentView.swift */; };
		EDF0C7872896EC7C00E14655 /* Assets.xcassets in Resources */ = {isa = PBXBuildFile; fileRef = EDF0C7862896EC7C00E14655 /* Assets.xcassets */; };
		EDF0C78A2896EC7C00E14655 /* Preview Assets.xcassets in Resources */ = {isa = PBXBuildFile; fileRef = EDF0C7892896EC7C00E14655 /* Preview Assets.xcassets */; };
		EDF0C78F2896EC7C00E14655 /* H4X0R_NEWS.xcdatamodeld in Sources */ = {isa = PBXBuildFile; fileRef = EDF0C78D2896EC7C00E14655 /* H4X0R_NEWS.xcdatamodeld */; };
/* End PBXBuildFile section */

/* Begin PBXFileReference section */
		ED33663428A510BC004AD142 /* NetworkManager.swift */ = {isa = PBXFileReference; lastKnownFileType = sourcecode.swift; path = NetworkManager.swift; sourceTree = "<group>"; };
		ED33663628A6AB65004AD142 /* PostData.swift */ = {isa = PBXFileReference; lastKnownFileType = sourcecode.swift; path = PostData.swift; sourceTree = "<group>"; };
		ED3DB97728A968180093A7E9 /* WebView.swift */ = {isa = PBXFileReference; lastKnownFileType = sourcecode.swift; path = WebView.swift; sourceTree = "<group>"; };
		EDE566C728A7E96700C4890B /* DetailView.swift */ = {isa = PBXFileReference; lastKnownFileType = sourcecode.swift; path = DetailView.swift; sourceTree = "<group>"; };
		EDF0C77F2896EC7A00E14655 /* H4X0R NEWS.app */ = {isa = PBXFileReference; explicitFileType = wrapper.application; includeInIndex = 0; path = "H4X0R NEWS.app"; sourceTree = BUILT_PRODUCTS_DIR; };
		EDF0C7822896EC7A00E14655 /* H4X0R_NEWSApp.swift */ = {isa = PBXFileReference; lastKnownFileType = sourcecode.swift; path = H4X0R_NEWSApp.swift; sourceTree = "<group>"; };
		EDF0C7842896EC7A00E14655 /* ContentView.swift */ = {isa = PBXFileReference; indentWidth = 3; lastKnownFileType = sourcecode.swift; path = ContentView.swift; sourceTree = "<group>"; tabWidth = 3; wrapsLines = 1; };
		EDF0C7862896EC7C00E14655 /* Assets.xcassets */ = {isa = PBXFileReference; lastKnownFileType = folder.assetcatalog; path = Assets.xcassets; sourceTree = "<group>"; };
		EDF0C7892896EC7C00E14655 /* Preview Assets.xcassets */ = {isa = PBXFileReference; lastKnownFileType = folder.assetcatalog; path = "Preview Assets.xcassets"; sourceTree = "<group>"; };
		EDF0C78E2896EC7C00E14655 /* H4X0R_NEWS.xcdatamodel */ = {isa = PBXFileReference; lastKnownFileType = wrapper.xcdatamodel; path = H4X0R_NEWS.xcdatamodel; sourceTree = "<group>"; };
/* End PBXFileReference section */

/* Begin PBXFrameworksBuildPhase section */
		EDF0C77C2896EC7A00E14655 /* Frameworks */ = {
			isa = PBXFrameworksBuildPhase;
			buildActionMask = 2147483647;
			files = (
			);
			runOnlyForDeploymentPostprocessing = 0;
		};
/* End PBXFrameworksBuildPhase section */

/* Begin PBXGroup section */
		ED33663328A5104D004AD142 /* Models */ = {
			isa = PBXGroup;
			children = (
				ED33663428A510BC004AD142 /* NetworkManager.swift */,
				ED33663628A6AB65004AD142 /* PostData.swift */,
			);
			path = Models;
			sourceTree = "<group>";
		};
		EDE566C628A7E93900C4890B /* Views */ = {
			isa = PBXGroup;
			children = (
				EDF0C7842896EC7A00E14655 /* ContentView.swift */,
				EDE566C728A7E96700C4890B /* DetailView.swift */,
				ED3DB97728A968180093A7E9 /* WebView.swift */,
			);
			path = Views;
			sourceTree = "<group>";
		};
		EDF0C7762896EC7A00E14655 = {
			isa = PBXGroup;
			children = (
				EDF0C7812896EC7A00E14655 /* H4X0R NEWS */,
				EDF0C7802896EC7A00E14655 /* Products */,
			);
			sourceTree = "<group>";
		};
		EDF0C7802896EC7A00E14655 /* Products */ = {
			isa = PBXGroup;
			children = (
				EDF0C77F2896EC7A00E14655 /* H4X0R NEWS.app */,
			);
			name = Products;
			sourceTree = "<group>";
		};
		EDF0C7812896EC7A00E14655 /* H4X0R NEWS */ = {
			isa = PBXGroup;
			children = (
				EDF0C7822896EC7A00E14655 /* H4X0R_NEWSApp.swift */,
				EDE566C628A7E93900C4890B /* Views */,
				ED33663328A5104D004AD142 /* Models */,
				EDF0C78D2896EC7C00E14655 /* H4X0R_NEWS.xcdatamodeld */,
				EDF0C7862896EC7C00E14655 /* Assets.xcassets */,
				EDF0C7882896EC7C00E14655 /* Preview Content */,
			);
			path = "H4X0R NEWS";
			sourceTree = "<group>";
		};
		EDF0C7882896EC7C00E14655 /* Preview Content */ = {
			isa = PBXGroup;
			children = (
				EDF0C7892896EC7C00E14655 /* Preview Assets.xcassets */,
			);
			path = "Preview Content";
			sourceTree = "<group>";
		};
/* End PBXGroup section */

/* Begin PBXNativeTarget section */
		EDF0C77E2896EC7A00E14655 /* H4X0R NEWS */ = {
			isa = PBXNativeTarget;
			buildConfigurationList = EDF0C7922896EC7C00E14655 /* Build configuration list for PBXNativeTarget "H4X0R NEWS" */;
			buildPhases = (
				EDF0C77B2896EC7A00E14655 /* Sources */,
				EDF0C77C2896EC7A00E14655 /* Frameworks */,
				EDF0C77D2896EC7A00E14655 /* Resources */,
			);
			buildRules = (
			);
			dependencies = (
			);
			name = "H4X0R NEWS";
			productName = "H4X0R NEWS";
			productReference = EDF0C77F2896EC7A00E14655 /* H4X0R NEWS.app */;
			productType = "com.apple.product-type.application";
		};
/* End PBXNativeTarget section */

/* Begin PBXProject section */
		EDF0C7772896EC7A00E14655 /* Project object */ = {
			isa = PBXProject;
			attributes = {
				BuildIndependentTargetsInParallel = 1;
				LastSwiftUpdateCheck = 1400;
				LastUpgradeCheck = 1400;
				TargetAttributes = {
					EDF0C77E2896EC7A00E14655 = {
						CreatedOnToolsVersion = 14.0;
					};
				};
			};
			buildConfigurationList = EDF0C77A2896EC7A00E14655 /* Build configuration list for PBXProject "H4X0R NEWS" */;
			compatibilityVersion = "Xcode 14.0";
			developmentRegion = en;
			hasScannedForEncodings = 0;
			knownRegions = (
				en,
				Base,
			);
			mainGroup = EDF0C7762896EC7A00E14655;
			productRefGroup = EDF0C7802896EC7A00E14655 /* Products */;
			projectDirPath = "";
			projectRoot = "";
			targets = (
				EDF0C77E2896EC7A00E14655 /* H4X0R NEWS */,
			);
		};
/* End PBXProject section */

/* Begin PBXResourcesBuildPhase section */
		EDF0C77D2896EC7A00E14655 /* Resources */ = {
			isa = PBXResourcesBuildPhase;
			buildActionMask = 2147483647;
			files = (
				EDF0C78A2896EC7C00E14655 /* Preview Assets.xcassets in Resources */,
				EDF0C7872896EC7C00E14655 /* Assets.xcassets in Resources */,
			);
			runOnlyForDeploymentPostprocessing = 0;
		};
/* End PBXResourcesBuildPhase section */

/* Begin PBXSourcesBuildPhase section */
		EDF0C77B2896EC7A00E14655 /* Sources */ = {
			isa = PBXSourcesBuildPhase;
			buildActionMask = 2147483647;
			files = (
				ED33663728A6AB65004AD142 /* PostData.swift in Sources */,
				ED3DB97828A968180093A7E9 /* WebView.swift in Sources */,
				EDF0C78F2896EC7C00E14655 /* H4X0R_NEWS.xcdatamodeld in Sources */,
				ED33663528A510BC004AD142 /* NetworkManager.swift in Sources */,
				EDE566C828A7E96700C4890B /* DetailView.swift in Sources */,
				EDF0C7852896EC7A00E14655 /* ContentView.swift in Sources */,
				EDF0C7832896EC7A00E14655 /* H4X0R_NEWSApp.swift in Sources */,
			);
			runOnlyForDeploymentPostprocessing = 0;
		};
/* End PBXSourcesBuildPhase section */

/* Begin XCBuildConfiguration section */
		EDF0C7902896EC7C00E14655 /* Debug */ = {
			isa = XCBuildConfiguration;
			buildSettings = {
				ALWAYS_SEARCH_USER_PATHS = NO;
				CLANG_ANALYZER_NONNULL = YES;
				CLANG_ANALYZER_NUMBER_OBJECT_CONVERSION = YES_AGGRESSIVE;
				CLANG_CXX_LANGUAGE_STANDARD = "gnu++20";
				CLANG_ENABLE_MODULES = YES;
				CLANG_ENABLE_OBJC_ARC = YES;
				CLANG_ENABLE_OBJC_WEAK = YES;
				CLANG_WARN_BLOCK_CAPTURE_AUTORELEASING = YES;
				CLANG_WARN_BOOL_CONVERSION = YES;
				CLANG_WARN_COMMA = YES;
				CLANG_WARN_CONSTANT_CONVERSION = YES;
				CLANG_WARN_DEPRECATED_OBJC_IMPLEMENTATIONS = YES;
				CLANG_WARN_DIRECT_OBJC_ISA_USAGE = YES_ERROR;
				CLANG_WARN_DOCUMENTATION_COMMENTS = YES;
				CLANG_WARN_EMPTY_BODY = YES;
				CLANG_WARN_ENUM_CONVERSION = YES;
				CLANG_WARN_INFINITE_RECURSION = YES;
				CLANG_WARN_INT_CONVERSION = YES;
				CLANG_WARN_NON_LITERAL_NULL_CONVERSION = YES;
				CLANG_WARN_OBJC_IMPLICIT_RETAIN_SELF = YES;
				CLANG_WARN_OBJC_LITERAL_CONVERSION = YES;
				CLANG_WARN_OBJC_ROOT_CLASS = YES_ERROR;
				CLANG_WARN_QUOTED_INCLUDE_IN_FRAMEWORK_HEADER = YES;
				CLANG_WARN_RANGE_LOOP_ANALYSIS = YES;
				CLANG_WARN_STRICT_PROTOTYPES = YES;
				CLANG_WARN_SUSPICIOUS_MOVE = YES;
				CLANG_WARN_UNGUARDED_AVAILABILITY = YES_AGGRESSIVE;
				CLANG_WARN_UNREACHABLE_CODE = YES;
				CLANG_WARN__DUPLICATE_METHOD_MATCH = YES;
				COPY_PHASE_STRIP = NO;
				DEBUG_INFORMATION_FORMAT = dwarf;
				ENABLE_STRICT_OBJC_MSGSEND = YES;
				ENABLE_TESTABILITY = YES;
				GCC_C_LANGUAGE_STANDARD = gnu11;
				GCC_DYNAMIC_NO_PIC = NO;
				GCC_NO_COMMON_BLOCKS = YES;
				GCC_OPTIMIZATION_LEVEL = 0;
				GCC_PREPROCESSOR_DEFINITIONS = (
					"DEBUG=1",
					"$(inherited)",
				);
				GCC_WARN_64_TO_32_BIT_CONVERSION = YES;
				GCC_WARN_ABOUT_RETURN_TYPE = YES_ERROR;
				GCC_WARN_UNDECLARED_SELECTOR = YES;
				GCC_WARN_UNINITIALIZED_AUTOS = YES_AGGRESSIVE;
				GCC_WARN_UNUSED_FUNCTION = YES;
				GCC_WARN_UNUSED_VARIABLE = YES;
				IPHONEOS_DEPLOYMENT_TARGET = 16.0;
				MTL_ENABLE_DEBUG_INFO = INCLUDE_SOURCE;
				MTL_FAST_MATH = YES;
				ONLY_ACTIVE_ARCH = YES;
				SDKROOT = iphoneos;
				SWIFT_ACTIVE_COMPILATION_CONDITIONS = DEBUG;
				SWIFT_OPTIMIZATION_LEVEL = "-Onone";
			};
			name = Debug;
		};
		EDF0C7912896EC7C00E14655 /* Release */ = {
			isa = XCBuildConfiguration;
			buildSettings = {
				ALWAYS_SEARCH_USER_PATHS = NO;
				CLANG_ANALYZER_NONNULL = YES;
				CLANG_ANALYZER_NUMBER_OBJECT_CONVERSION = YES_AGGRESSIVE;
				CLANG_CXX_LANGUAGE_STANDARD = "gnu++20";
				CLANG_ENABLE_MODULES = YES;
				CLANG_ENABLE_OBJC_ARC = YES;
				CLANG_ENABLE_OBJC_WEAK = YES;
				CLANG_WARN_BLOCK_CAPTURE_AUTORELEASING = YES;
				CLANG_WARN_BOOL_CONVERSION = YES;
				CLANG_WARN_COMMA = YES;
				CLANG_WARN_CONSTANT_CONVERSION = YES;
				CLANG_WARN_DEPRECATED_OBJC_IMPLEMENTATIONS = YES;
				CLANG_WARN_DIRECT_OBJC_ISA_USAGE = YES_ERROR;
				CLANG_WARN_DOCUMENTATION_COMMENTS = YES;
				CLANG_WARN_EMPTY_BODY = YES;
				CLANG_WARN_ENUM_CONVERSION = YES;
				CLANG_WARN_INFINITE_RECURSION = YES;
				CLANG_WARN_INT_CONVERSION = YES;
				CLANG_WARN_NON_LITERAL_NULL_CONVERSION = YES;
				CLANG_WARN_OBJC_IMPLICIT_RETAIN_SELF = YES;
				CLANG_WARN_OBJC_LITERAL_CONVERSION = YES;
				CLANG_WARN_OBJC_ROOT_CLASS = YES_ERROR;
				CLANG_WARN_QUOTED_INCLUDE_IN_FRAMEWORK_HEADER = YES;
				CLANG_WARN_RANGE_LOOP_ANALYSIS = YES;
				CLANG_WARN_STRICT_PROTOTYPES = YES;
				CLANG_WARN_SUSPICIOUS_MOVE = YES;
				CLANG_WARN_UNGUARDED_AVAILABILITY = YES_AGGRESSIVE;
				CLANG_WARN_UNREACHABLE_CODE = YES;
				CLANG_WARN__DUPLICATE_METHOD_MATCH = YES;
				COPY_PHASE_STRIP = NO;
				DEBUG_INFORMATION_FORMAT = "dwarf-with-dsym";
				ENABLE_NS_ASSERTIONS = NO;
				ENABLE_STRICT_OBJC_MSGSEND = YES;
				GCC_C_LANGUAGE_STANDARD = gnu11;
				GCC_NO_COMMON_BLOCKS = YES;
				GCC_WARN_64_TO_32_BIT_CONVERSION = YES;
				GCC_WARN_ABOUT_RETURN_TYPE = YES_ERROR;
				GCC_WARN_UNDECLARED_SELECTOR = YES;
				GCC_WARN_UNINITIALIZED_AUTOS = YES_AGGRESSIVE;
				GCC_WARN_UNUSED_FUNCTION = YES;
				GCC_WARN_UNUSED_VARIABLE = YES;
				IPHONEOS_DEPLOYMENT_TARGET = 16.0;
				MTL_ENABLE_DEBUG_INFO = NO;
				MTL_FAST_MATH = YES;
				SDKROOT = iphoneos;
				SWIFT_COMPILATION_MODE = wholemodule;
				SWIFT_OPTIMIZATION_LEVEL = "-O";
				VALIDATE_PRODUCT = YES;
			};
			name = Release;
		};
		EDF0C7932896EC7C00E14655 /* Debug */ = {
			isa = XCBuildConfiguration;
			buildSettings = {
				ASSETCATALOG_COMPILER_APPICON_NAME = AppIcon;
				ASSETCATALOG_COMPILER_GLOBAL_ACCENT_COLOR_NAME = AccentColor;
				CODE_SIGN_STYLE = Automatic;
				CURRENT_PROJECT_VERSION = 1;
				DEVELOPMENT_ASSET_PATHS = "\"H4X0R NEWS/Preview Content\"";
				DEVELOPMENT_TEAM = S7HD7PPB8U;
				ENABLE_PREVIEWS = YES;
				GENERATE_INFOPLIST_FILE = YES;
				INFOPLIST_KEY_UIApplicationSceneManifest_Generation = YES;
				INFOPLIST_KEY_UIApplicationSupportsIndirectInputEvents = YES;
				INFOPLIST_KEY_UILaunchScreen_Generation = YES;
				INFOPLIST_KEY_UISupportedInterfaceOrientations_iPad = "UIInterfaceOrientationPortrait UIInterfaceOrientationPortraitUpsideDown UIInterfaceOrientationLandscapeLeft UIInterfaceOrientationLandscapeRight";
				INFOPLIST_KEY_UISupportedInterfaceOrientations_iPhone = "UIInterfaceOrientationPortrait UIInterfaceOrientationLandscapeLeft UIInterfaceOrientationLandscapeRight";
				LD_RUNPATH_SEARCH_PATHS = (
					"$(inherited)",
					"@executable_path/Frameworks",
				);
				MARKETING_VERSION = 1.0;
				PRODUCT_BUNDLE_IDENTIFIER = "i9orila.H4X0R-NEWS";
				PRODUCT_NAME = "$(TARGET_NAME)";
				SWIFT_EMIT_LOC_STRINGS = YES;
				SWIFT_VERSION = 5.0;
				TARGETED_DEVICE_FAMILY = "1,2";
			};
			name = Debug;
		};
		EDF0C7942896EC7C00E14655 /* Release */ = {
			isa = XCBuildConfiguration;
			buildSettings = {
				ASSETCATALOG_COMPILER_APPICON_NAME = AppIcon;
				ASSETCATALOG_COMPILER_GLOBAL_ACCENT_COLOR_NAME = AccentColor;
				CODE_SIGN_STYLE = Automatic;
				CURRENT_PROJECT_VERSION = 1;
				DEVELOPMENT_ASSET_PATHS = "\"H4X0R NEWS/Preview Content\"";
				DEVELOPMENT_TEAM = S7HD7PPB8U;
				ENABLE_PREVIEWS = YES;
				GENERATE_INFOPLIST_FILE = YES;
				INFOPLIST_KEY_UIApplicationSceneManifest_Generation = YES;
				INFOPLIST_KEY_UIApplicationSupportsIndirectInputEvents = YES;
				INFOPLIST_KEY_UILaunchScreen_Generation = YES;
				INFOPLIST_KEY_UISupportedInterfaceOrientations_iPad = "UIInterfaceOrientationPortrait UIInterfaceOrientationPortraitUpsideDown UIInterfaceOrientationLandscapeLeft UIInterfaceOrientationLandscapeRight";
				INFOPLIST_KEY_UISupportedInterfaceOrientations_iPhone = "UIInterfaceOrientationPortrait UIInterfaceOrientationLandscapeLeft UIInterfaceOrientationLandscapeRight";
				LD_RUNPATH_SEARCH_PATHS = (
					"$(inherited)",
					"@executable_path/Frameworks",
				);
				MARKETING_VERSION = 1.0;
				PRODUCT_BUNDLE_IDENTIFIER = "i9orila.H4X0R-NEWS";
				PRODUCT_NAME = "$(TARGET_NAME)";
				SWIFT_EMIT_LOC_STRINGS = YES;
				SWIFT_VERSION = 5.0;
				TARGETED_DEVICE_FAMILY = "1,2";
			};
			name = Release;
		};
/* End XCBuildConfiguration section */

/* Begin XCConfigurationList section */
		EDF0C77A2896EC7A00E14655 /* Build configuration list for PBXProject "H4X0R NEWS" */ = {
			isa = XCConfigurationList;
			buildConfigurations = (
				EDF0C7902896EC7C00E14655 /* Debug */,
				EDF0C7912896EC7C00E14655 /* Release */,
			);
			defaultConfigurationIsVisible = 0;
			defaultConfigurationName = Release;
		};
		EDF0C7922896EC7C00E14655 /* Build configuration list for PBXNativeTarget "H4X0R NEWS" */ = {
			isa = XCConfigurationList;
			buildConfigurations = (
				EDF0C7932896EC7C00E14655 /* Debug */,
				EDF0C7942896EC7C00E14655 /* Release */,
			);
			defaultConfigurationIsVisible = 0;
			defaultConfigurationName = Release;
		};
/* End XCConfigurationList section */

/* Begin XCVersionGroup section */
		EDF0C78D2896EC7C00E14655 /* H4X0R_NEWS.xcdatamodeld */ = {
			isa = XCVersionGroup;
			children = (
				EDF0C78E2896EC7C00E14655 /* H4X0R_NEWS.xcdatamodel */,
			);
			currentVersion = EDF0C78E2896EC7C00E14655 /* H4X0R_NEWS.xcdatamodel */;
			path = H4X0R_NEWS.xcdatamodeld;
			sourceTree = "<group>";
			versionGroupType = wrapper.xcdatamodel;
		};
/* End XCVersionGroup section */
	};
	rootObject = EDF0C7772896EC7A00E14655 /* Project object */;
}
